{
  "nodes": {
    "nix-darwin": {
      "inputs": {
        "nixpkgs": [
          "nixpkgs"
        ]
      },
      "locked": {
        "lastModified": 1729821670,
        "narHash": "sha256-XBoA12kQc8ZMaSOlxICwCu2wC4U0j1u41JJaAVdRwHA=",
        "owner": "LnL7",
        "repo": "nix-darwin",
        "rev": "8c675759e94b243c45ac9c080c7af286da9a08c6",
        "type": "github"
      },
      "original": {
        "owner": "LnL7",
        "repo": "nix-darwin",
        "type": "github"
      }
    },
    "nixpkgs": {
      "locked": {
        "lastModified": 1729788628,
        "narHash": "sha256-3suayUinicnvE/4shMZwp9FHT5izUM8gMpdEO/NHBTo=",
        "owner": "NixOS",
        "repo": "nixpkgs",
        "rev": "63487b2f26fa065cfeeaa47dddb08e2856ba53e8",
        "type": "github"
      },
      "original": {
        "owner": "NixOS",
        "ref": "nixpkgs-unstable",
        "repo": "nixpkgs",
        "type": "github"
      }
    },
    "root": {
      "inputs": {
        "nix-darwin": "nix-darwin",
        "nixpkgs": "nixpkgs"
      }
    }
  },
  "root": "root",
  "version": 7
}
